
Microsoft Visual Studio Solution File, Format Version 12.00
# Visual Studio Version 17
VisualStudioVersion = 17.9.34622.214
MinimumVisualStudioVersion = 10.0.40219.1
Project("{FAE04EC0-301F-11D3-BF4B-00C04F79EFBC}") = "Control_Station", "Control_Station.csproj", "{4E11A063-50D8-413A-89EB-6F1F1D2CADFD}"
EndProject
Global
	GlobalSection(SolutionConfigurationPlatforms) = preSolution
		Debug|Any CPU = Debug|Any CPU
		Release|Any CPU = Release|Any CPU
	EndGlobalSection
	GlobalSection(ProjectConfigurationPlatforms) = postSolution
		{4E11A063-50D8-413A-89EB-6F1F1D2CADFD}.Debug|Any CPU.ActiveCfg = Debug|Any CPU
		{4E11A063-50D8-413A-89EB-6F1F1D2CADFD}.Debug|Any CPU.Build.0 = Debug|Any CPU
		{4E11A063-50D8-413A-89EB-6F1F1D2CADFD}.Release|Any CPU.ActiveCfg = Release|Any CPU
		{4E11A063-50D8-413A-89EB-6F1F1D2CADFD}.Release|Any CPU.Build.0 = Release|Any CPU
	EndGlobalSection
	GlobalSection(SolutionProperties) = preSolution
		HideSolutionNode = FALSE
	EndGlobalSection
	GlobalSection(ExtensibilityGlobals) = postSolution
		SolutionGuid = {A1D866EA-9D07-4677-B1B9-78B5CDB4F864}
	EndGlobalSection
EndGlobal
